
Microsoft Visual Studio Solution File, Format Version 12.00
# Visual Studio Version 16
VisualStudioVersion = 16.0.29411.108
MinimumVisualStudioVersion = 10.0.40219.1
Project("{9A19103F-16F7-4668-BE54-9A1E7A4F7556}") = "APIProject", "APIProject.csproj", "{79BA8486-9149-4F1B-B394-67D2B56356DD}"
EndProject
Global
	GlobalSection(SolutionConfigurationPlatforms) = preSolution
		Debug|Any CPU = Debug|Any CPU
		Release|Any CPU = Release|Any CPU
	EndGlobalSection
	GlobalSection(ProjectConfigurationPlatforms) = postSolution
		{79BA8486-9149-4F1B-B394-67D2B56356DD}.Debug|Any CPU.ActiveCfg = Debug|Any CPU
		{79BA8486-9149-4F1B-B394-67D2B56356DD}.Debug|Any CPU.Build.0 = Debug|Any CPU
		{79BA8486-9149-4F1B-B394-67D2B56356DD}.Release|Any CPU.ActiveCfg = Release|Any CPU
		{79BA8486-9149-4F1B-B394-67D2B56356DD}.Release|Any CPU.Build.0 = Release|Any CPU
	EndGlobalSection
	GlobalSection(SolutionProperties) = preSolution
		HideSolutionNode = FALSE
	EndGlobalSection
	GlobalSection(ExtensibilityGlobals) = postSolution
		SolutionGuid = {0EE115CE-9B69-4F17-9E66-F3E1A09A2ACD}
	EndGlobalSection
EndGlobal
